// !$*UTF8*$!
{
	archiveVersion = 1;
	classes = {
	};
	objectVersion = 50;
	objects = {

/* Begin PBXBuildFile section */
		205611812107904700726941 /* SaveImageView.swift in Sources */ = {isa = PBXBuildFile; fileRef = 205611802107904700726941 /* SaveImageView.swift */; };
		205611832107909400726941 /* monkey.icns in Resources */ = {isa = PBXBuildFile; fileRef = 205611822107909400726941 /* monkey.icns */; };
		205611852107961400726941 /* ripple.wav in Resources */ = {isa = PBXBuildFile; fileRef = 205611842107961300726941 /* ripple.wav */; };
		2071D57D2107795D0039AEA6 /* FrameIcon.icns in Resources */ = {isa = PBXBuildFile; fileRef = 2071D57C2107795D0039AEA6 /* FrameIcon.icns */; };
		20CF68D7210778EC00EA61D2 /* AppDelegate.swift in Sources */ = {isa = PBXBuildFile; fileRef = 20CF68D6210778EC00EA61D2 /* AppDelegate.swift */; };
		20CF68D9210778ED00EA61D2 /* Assets.xcassets in Resources */ = {isa = PBXBuildFile; fileRef = 20CF68D8210778ED00EA61D2 /* Assets.xcassets */; };
		20CF68DC210778ED00EA61D2 /* MainMenu.xib in Resources */ = {isa = PBXBuildFile; fileRef = 20CF68DA210778ED00EA61D2 /* MainMenu.xib */; };
/* End PBXBuildFile section */

/* Begin PBXFileReference section */
		205611802107904700726941 /* SaveImageView.swift */ = {isa = PBXFileReference; lastKnownFileType = sourcecode.swift; path = SaveImageView.swift; sourceTree = "<group>"; };
		205611822107909400726941 /* monkey.icns */ = {isa = PBXFileReference; lastKnownFileType = image.icns; path = monkey.icns; sourceTree = "<group>"; };
		205611842107961300726941 /* ripple.wav */ = {isa = PBXFileReference; lastKnownFileType = audio.wav; path = ripple.wav; sourceTree = "<group>"; };
		2071D57C2107795D0039AEA6 /* FrameIcon.icns */ = {isa = PBXFileReference; lastKnownFileType = image.icns; path = FrameIcon.icns; sourceTree = "<group>"; };
		20CF68D3210778EC00EA61D2 /* SaveBitmapData.app */ = {isa = PBXFileReference; explicitFileType = wrapper.application; includeInIndex = 0; path = SaveBitmapData.app; sourceTree = BUILT_PRODUCTS_DIR; };
		20CF68D6210778EC00EA61D2 /* AppDelegate.swift */ = {isa = PBXFileReference; lastKnownFileType = sourcecode.swift; path = AppDelegate.swift; sourceTree = "<group>"; };
		20CF68D8210778ED00EA61D2 /* Assets.xcassets */ = {isa = PBXFileReference; lastKnownFileType = folder.assetcatalog; path = Assets.xcassets; sourceTree = "<group>"; };
		20CF68DB210778ED00EA61D2 /* Base */ = {isa = PBXFileReference; lastKnownFileType = file.xib; name = Base; path = Base.lproj/MainMenu.xib; sourceTree = "<group>"; };
		20CF68DD210778ED00EA61D2 /* Info.plist */ = {isa = PBXFileReference; lastKnownFileType = text.plist.xml; path = Info.plist; sourceTree = "<group>"; };
		20CF68DE210778ED00EA61D2 /* SaveBitmapData.entitlements */ = {isa = PBXFileReference; lastKnownFileType = text.plist.entitlements; path = SaveBitmapData.entitlements; sourceTree = "<group>"; };
/* End PBXFileReference section */

/* Begin PBXFrameworksBuildPhase section */
		20CF68D0210778EC00EA61D2 /* Frameworks */ = {
			isa = PBXFrameworksBuildPhase;
			buildActionMask = 2147483647;
			files = (
			);
			runOnlyForDeploymentPostprocessing = 0;
		};
/* End PBXFrameworksBuildPhase section */

/* Begin PBXGroup section */
		20CF68CA210778EC00EA61D2 = {
			isa = PBXGroup;
			children = (
				20CF68D5210778EC00EA61D2 /* SaveBitmapData */,
				20CF68D4210778EC00EA61D2 /* Products */,
			);
			sourceTree = "<group>";
		};
		20CF68D4210778EC00EA61D2 /* Products */ = {
			isa = PBXGroup;
			children = (
				20CF68D3210778EC00EA61D2 /* SaveBitmapData.app */,
			);
			name = Products;
			sourceTree = "<group>";
		};
		20CF68D5210778EC00EA61D2 /* SaveBitmapData */ = {
			isa = PBXGroup;
			children = (
				20CF68D6210778EC00EA61D2 /* AppDelegate.swift */,
				205611802107904700726941 /* SaveImageView.swift */,
				20CF68DA210778ED00EA61D2 /* MainMenu.xib */,
				20CF68D8210778ED00EA61D2 /* Assets.xcassets */,
				20CF68DD210778ED00EA61D2 /* Info.plist */,
				205611842107961300726941 /* ripple.wav */,
				20CF68DE210778ED00EA61D2 /* SaveBitmapData.entitlements */,
				205611822107909400726941 /* monkey.icns */,
				2071D57C2107795D0039AEA6 /* FrameIcon.icns */,
			);
			path = SaveBitmapData;
			sourceTree = "<group>";
		};
/* End PBXGroup section */

/* Begin PBXNativeTarget section */
		20CF68D2210778EC00EA61D2 /* SaveBitmapData */ = {
			isa = PBXNativeTarget;
			buildConfigurationList = 20CF68E1210778ED00EA61D2 /* Build configuration list for PBXNativeTarget "SaveBitmapData" */;
			buildPhases = (
				20CF68CF210778EC00EA61D2 /* Sources */,
				20CF68D0210778EC00EA61D2 /* Frameworks */,
				20CF68D1210778EC00EA61D2 /* Resources */,
			);
			buildRules = (
			);
			dependencies = (
			);
			name = SaveBitmapData;
			productName = SaveBitmapData;
			productReference = 20CF68D3210778EC00EA61D2 /* SaveBitmapData.app */;
			productType = "com.apple.product-type.application";
		};
/* End PBXNativeTarget section */

/* Begin PBXProject section */
		20CF68CB210778EC00EA61D2 /* Project object */ = {
			isa = PBXProject;
			attributes = {
				LastSwiftUpdateCheck = 0940;
				LastUpgradeCheck = 0940;
				ORGANIZATIONNAME = vladgohn;
				TargetAttributes = {
					20CF68D2210778EC00EA61D2 = {
						CreatedOnToolsVersion = 9.4.1;
						SystemCapabilities = {
							com.apple.Sandbox = {
								enabled = 0;
							};
						};
					};
				};
			};
			buildConfigurationList = 20CF68CE210778EC00EA61D2 /* Build configuration list for PBXProject "SaveBitmapData" */;
			compatibilityVersion = "Xcode 9.3";
			developmentRegion = en;
			hasScannedForEncodings = 0;
			knownRegions = (
				en,
				Base,
			);
			mainGroup = 20CF68CA210778EC00EA61D2;
			productRefGroup = 20CF68D4210778EC00EA61D2 /* Products */;
			projectDirPath = "";
			projectRoot = "";
			targets = (
				20CF68D2210778EC00EA61D2 /* SaveBitmapData */,
			);
		};
/* End PBXProject section */

/* Begin PBXResourcesBuildPhase section */
		20CF68D1210778EC00EA61D2 /* Resources */ = {
			isa = PBXResourcesBuildPhase;
			buildActionMask = 2147483647;
			files = (
				20CF68D9210778ED00EA61D2 /* Assets.xcassets in Resources */,
				205611832107909400726941 /* monkey.icns in Resources */,
				2071D57D2107795D0039AEA6 /* FrameIcon.icns in Resources */,
				205611852107961400726941 /* ripple.wav in Resources */,
				20CF68DC210778ED00EA61D2 /* MainMenu.xib in Resources */,
			);
			runOnlyForDeploymentPostprocessing = 0;
		};
/* End PBXResourcesBuildPhase section */

/* Begin PBXSourcesBuildPhase section */
		20CF68CF210778EC00EA61D2 /* Sources */ = {
			isa = PBXSourcesBuildPhase;
			buildActionMask = 2147483647;
			files = (
				20CF68D7210778EC00EA61D2 /* AppDelegate.swift in Sources */,
				205611812107904700726941 /* SaveImageView.swift in Sources */,
			);
			runOnlyForDeploymentPostprocessing = 0;
		};
/* End PBXSourcesBuildPhase section */

/* Begin PBXVariantGroup section */
		20CF68DA210778ED00EA61D2 /* MainMenu.xib */ = {
			isa = PBXVariantGroup;
			children = (
				20CF68DB210778ED00EA61D2 /* Base */,
			);
			name = MainMenu.xib;
			sourceTree = "<group>";
		};
/* End PBXVariantGroup section */

/* Begin XCBuildConfiguration section */
		20CF68DF210778ED00EA61D2 /* Debug */ = {
			isa = XCBuildConfiguration;
			buildSettings = {
				ALWAYS_SEARCH_USER_PATHS = NO;
				CLANG_ANALYZER_NONNULL = YES;
				CLANG_ANALYZER_NUMBER_OBJECT_CONVERSION = YES_AGGRESSIVE;
				CLANG_CXX_LANGUAGE_STANDARD = "gnu++14";
				CLANG_CXX_LIBRARY = "libc++";
				CLANG_ENABLE_MODULES = YES;
				CLANG_ENABLE_OBJC_ARC = YES;
				CLANG_ENABLE_OBJC_WEAK = YES;
				CLANG_WARN_BLOCK_CAPTURE_AUTORELEASING = YES;
				CLANG_WARN_BOOL_CONVERSION = YES;
				CLANG_WARN_COMMA = YES;
				CLANG_WARN_CONSTANT_CONVERSION = YES;
				CLANG_WARN_DEPRECATED_OBJC_IMPLEMENTATIONS = YES;
				CLANG_WARN_DIRECT_OBJC_ISA_USAGE = YES_ERROR;
				CLANG_WARN_DOCUMENTATION_COMMENTS = YES;
				CLANG_WARN_EMPTY_BODY = YES;
				CLANG_WARN_ENUM_CONVERSION = YES;
				CLANG_WARN_INFINITE_RECURSION = YES;
				CLANG_WARN_INT_CONVERSION = YES;
				CLANG_WARN_NON_LITERAL_NULL_CONVERSION = YES;
				CLANG_WARN_OBJC_IMPLICIT_RETAIN_SELF = YES;
				CLANG_WARN_OBJC_LITERAL_CONVERSION = YES;
				CLANG_WARN_OBJC_ROOT_CLASS = YES_ERROR;
				CLANG_WARN_RANGE_LOOP_ANALYSIS = YES;
				CLANG_WARN_STRICT_PROTOTYPES = YES;
				CLANG_WARN_SUSPICIOUS_MOVE = YES;
				CLANG_WARN_UNGUARDED_AVAILABILITY = YES_AGGRESSIVE;
				CLANG_WARN_UNREACHABLE_CODE = YES;
				CLANG_WARN__DUPLICATE_METHOD_MATCH = YES;
				CODE_SIGN_IDENTITY = "-";
				COPY_PHASE_STRIP = NO;
				DEBUG_INFORMATION_FORMAT = dwarf;
				ENABLE_STRICT_OBJC_MSGSEND = YES;
				ENABLE_TESTABILITY = YES;
				GCC_C_LANGUAGE_STANDARD = gnu11;
				GCC_DYNAMIC_NO_PIC = NO;
				GCC_NO_COMMON_BLOCKS = YES;
				GCC_OPTIMIZATION_LEVEL = 0;
				GCC_PREPROCESSOR_DEFINITIONS = (
					"DEBUG=1",
					"$(inherited)",
				);
				GCC_WARN_64_TO_32_BIT_CONVERSION = YES;
				GCC_WARN_ABOUT_RETURN_TYPE = YES_ERROR;
				GCC_WARN_UNDECLARED_SELECTOR = YES;
				GCC_WARN_UNINITIALIZED_AUTOS = YES_AGGRESSIVE;
				GCC_WARN_UNUSED_FUNCTION = YES;
				GCC_WARN_UNUSED_VARIABLE = YES;
				MACOSX_DEPLOYMENT_TARGET = 10.13;
				MTL_ENABLE_DEBUG_INFO = YES;
				ONLY_ACTIVE_ARCH = YES;
				SDKROOT = macosx;
				SWIFT_ACTIVE_COMPILATION_CONDITIONS = DEBUG;
				SWIFT_OPTIMIZATION_LEVEL = "-Onone";
				SWIFT_VERSION = 4.0;
			};
			name = Debug;
		};
		20CF68E0210778ED00EA61D2 /* Release */ = {
			isa = XCBuildConfiguration;
			buildSettings = {
				ALWAYS_SEARCH_USER_PATHS = NO;
				CLANG_ANALYZER_NONNULL = YES;
				CLANG_ANALYZER_NUMBER_OBJECT_CONVERSION = YES_AGGRESSIVE;
				CLANG_CXX_LANGUAGE_STANDARD = "gnu++14";
				CLANG_CXX_LIBRARY = "libc++";
				CLANG_ENABLE_MODULES = YES;
				CLANG_ENABLE_OBJC_ARC = YES;
				CLANG_ENABLE_OBJC_WEAK = YES;
				CLANG_WARN_BLOCK_CAPTURE_AUTORELEASING = YES;
				CLANG_WARN_BOOL_CONVERSION = YES;
				CLANG_WARN_COMMA = YES;
				CLANG_WARN_CONSTANT_CONVERSION = YES;
				CLANG_WARN_DEPRECATED_OBJC_IMPLEMENTATIONS = YES;
				CLANG_WARN_DIRECT_OBJC_ISA_USAGE = YES_ERROR;
				CLANG_WARN_DOCUMENTATION_COMMENTS = YES;
				CLANG_WARN_EMPTY_BODY = YES;
				CLANG_WARN_ENUM_CONVERSION = YES;
				CLANG_WARN_INFINITE_RECURSION = YES;
				CLANG_WARN_INT_CONVERSION = YES;
				CLANG_WARN_NON_LITERAL_NULL_CONVERSION = YES;
				CLANG_WARN_OBJC_IMPLICIT_RETAIN_SELF = YES;
				CLANG_WARN_OBJC_LITERAL_CONVERSION = YES;
				CLANG_WARN_OBJC_ROOT_CLASS = YES_ERROR;
				CLANG_WARN_RANGE_LOOP_ANALYSIS = YES;
				CLANG_WARN_STRICT_PROTOTYPES = YES;
				CLANG_WARN_SUSPICIOUS_MOVE = YES;
				CLANG_WARN_UNGUARDED_AVAILABILITY = YES_AGGRESSIVE;
				CLANG_WARN_UNREACHABLE_CODE = YES;
				CLANG_WARN__DUPLICATE_METHOD_MATCH = YES;
				CODE_SIGN_IDENTITY = "-";
				COPY_PHASE_STRIP = NO;
				DEBUG_INFORMATION_FORMAT = "dwarf-with-dsym";
				ENABLE_NS_ASSERTIONS = NO;
				ENABLE_STRICT_OBJC_MSGSEND = YES;
				GCC_C_LANGUAGE_STANDARD = gnu11;
				GCC_NO_COMMON_BLOCKS = YES;
				GCC_WARN_64_TO_32_BIT_CONVERSION = YES;
				GCC_WARN_ABOUT_RETURN_TYPE = YES_ERROR;
				GCC_WARN_UNDECLARED_SELECTOR = YES;
				GCC_WARN_UNINITIALIZED_AUTOS = YES_AGGRESSIVE;
				GCC_WARN_UNUSED_FUNCTION = YES;
				GCC_WARN_UNUSED_VARIABLE = YES;
				MACOSX_DEPLOYMENT_TARGET = 10.13;
				MTL_ENABLE_DEBUG_INFO = NO;
				SDKROOT = macosx;
				SWIFT_COMPILATION_MODE = wholemodule;
				SWIFT_OPTIMIZATION_LEVEL = "-O";
				SWIFT_VERSION = 4.0;
			};
			name = Release;
		};
		20CF68E2210778ED00EA61D2 /* Debug */ = {
			isa = XCBuildConfiguration;
			buildSettings = {
				ASSETCATALOG_COMPILER_APPICON_NAME = AppIcon;
				CODE_SIGN_STYLE = Automatic;
				COMBINE_HIDPI_IMAGES = YES;
				DEVELOPMENT_TEAM = 7PUPLRNXKH;
				INFOPLIST_FILE = SaveBitmapData/Info.plist;
				LD_RUNPATH_SEARCH_PATHS = (
					"$(inherited)",
					"@executable_path/../Frameworks",
				);
				PRODUCT_BUNDLE_IDENTIFIER = com.vladgohn.SaveBitmapData;
				PRODUCT_NAME = "$(TARGET_NAME)";
				SWIFT_VERSION = 4.0;
			};
			name = Debug;
		};
		20CF68E3210778ED00EA61D2 /* Release */ = {
			isa = XCBuildConfiguration;
			buildSettings = {
				ASSETCATALOG_COMPILER_APPICON_NAME = AppIcon;
				CODE_SIGN_STYLE = Automatic;
				COMBINE_HIDPI_IMAGES = YES;
				DEVELOPMENT_TEAM = 7PUPLRNXKH;
				INFOPLIST_FILE = SaveBitmapData/Info.plist;
				LD_RUNPATH_SEARCH_PATHS = (
					"$(inherited)",
					"@executable_path/../Frameworks",
				);
				PRODUCT_BUNDLE_IDENTIFIER = com.vladgohn.SaveBitmapData;
				PRODUCT_NAME = "$(TARGET_NAME)";
				SWIFT_VERSION = 4.0;
			};
			name = Release;
		};
/* End XCBuildConfiguration section */

/* Begin XCConfigurationList section */
		20CF68CE210778EC00EA61D2 /* Build configuration list for PBXProject "SaveBitmapData" */ = {
			isa = XCConfigurationList;
			buildConfigurations = (
				20CF68DF210778ED00EA61D2 /* Debug */,
				20CF68E0210778ED00EA61D2 /* Release */,
			);
			defaultConfigurationIsVisible = 0;
			defaultConfigurationName = Release;
		};
		20CF68E1210778ED00EA61D2 /* Build configuration list for PBXNativeTarget "SaveBitmapData" */ = {
			isa = XCConfigurationList;
			buildConfigurations = (
				20CF68E2210778ED00EA61D2 /* Debug */,
				20CF68E3210778ED00EA61D2 /* Release */,
			);
			defaultConfigurationIsVisible = 0;
			defaultConfigurationName = Release;
		};
/* End XCConfigurationList section */
	};
	rootObject = 20CF68CB210778EC00EA61D2 /* Project object */;
}
